// !$*UTF8*$!
{
	archiveVersion = 1;
	classes = {
	};
	objectVersion = 56;
	objects = {

/* Begin PBXBuildFile section */
		614746DF2BD5EBDF00B9B670 /* DetailImageView.swift in Sources */ = {isa = PBXBuildFile; fileRef = 614746DE2BD5EBDF00B9B670 /* DetailImageView.swift */; };
		614746EE2BD6587100B9B670 /* CategoryView.swift in Sources */ = {isa = PBXBuildFile; fileRef = 614746ED2BD6587100B9B670 /* CategoryView.swift */; };
		614746F12BD65AEB00B9B670 /* NavigationBarWrapper.swift in Sources */ = {isa = PBXBuildFile; fileRef = 614746F02BD65AEB00B9B670 /* NavigationBarWrapper.swift */; };
		614746F32BD65C0700B9B670 /* ButtonWrapper.swift in Sources */ = {isa = PBXBuildFile; fileRef = 614746F22BD65C0700B9B670 /* ButtonWrapper.swift */; };
		61B528BC2BD407FF00974CA0 /* SwiftUIDataFlowApp.swift in Sources */ = {isa = PBXBuildFile; fileRef = 61B528BB2BD407FF00974CA0 /* SwiftUIDataFlowApp.swift */; };
		61B528BE2BD407FF00974CA0 /* MyRandomImageView.swift in Sources */ = {isa = PBXBuildFile; fileRef = 61B528BD2BD407FF00974CA0 /* MyRandomImageView.swift */; };
		61B528C02BD4080300974CA0 /* Assets.xcassets in Resources */ = {isa = PBXBuildFile; fileRef = 61B528BF2BD4080300974CA0 /* Assets.xcassets */; };
		61B528C32BD4080300974CA0 /* Preview Assets.xcassets in Resources */ = {isa = PBXBuildFile; fileRef = 61B528C22BD4080300974CA0 /* Preview Assets.xcassets */; };
/* End PBXBuildFile section */

/* Begin PBXFileReference section */
		614746DE2BD5EBDF00B9B670 /* DetailImageView.swift */ = {isa = PBXFileReference; lastKnownFileType = sourcecode.swift; path = DetailImageView.swift; sourceTree = "<group>"; };
		614746ED2BD6587100B9B670 /* CategoryView.swift */ = {isa = PBXFileReference; lastKnownFileType = sourcecode.swift; path = CategoryView.swift; sourceTree = "<group>"; };
		614746F02BD65AEB00B9B670 /* NavigationBarWrapper.swift */ = {isa = PBXFileReference; lastKnownFileType = sourcecode.swift; path = NavigationBarWrapper.swift; sourceTree = "<group>"; };
		614746F22BD65C0700B9B670 /* ButtonWrapper.swift */ = {isa = PBXFileReference; lastKnownFileType = sourcecode.swift; path = ButtonWrapper.swift; sourceTree = "<group>"; };
		61B528B82BD407FF00974CA0 /* SwiftUIDataFlow.app */ = {isa = PBXFileReference; explicitFileType = wrapper.application; includeInIndex = 0; path = SwiftUIDataFlow.app; sourceTree = BUILT_PRODUCTS_DIR; };
		61B528BB2BD407FF00974CA0 /* SwiftUIDataFlowApp.swift */ = {isa = PBXFileReference; lastKnownFileType = sourcecode.swift; path = SwiftUIDataFlowApp.swift; sourceTree = "<group>"; };
		61B528BD2BD407FF00974CA0 /* MyRandomImageView.swift */ = {isa = PBXFileReference; lastKnownFileType = sourcecode.swift; path = MyRandomImageView.swift; sourceTree = "<group>"; };
		61B528BF2BD4080300974CA0 /* Assets.xcassets */ = {isa = PBXFileReference; lastKnownFileType = folder.assetcatalog; path = Assets.xcassets; sourceTree = "<group>"; };
		61B528C22BD4080300974CA0 /* Preview Assets.xcassets */ = {isa = PBXFileReference; lastKnownFileType = folder.assetcatalog; path = "Preview Assets.xcassets"; sourceTree = "<group>"; };
/* End PBXFileReference section */

/* Begin PBXFrameworksBuildPhase section */
		61B528B52BD407FF00974CA0 /* Frameworks */ = {
			isa = PBXFrameworksBuildPhase;
			buildActionMask = 2147483647;
			files = (
			);
			runOnlyForDeploymentPostprocessing = 0;
		};
/* End PBXFrameworksBuildPhase section */

/* Begin PBXGroup section */
		614746EF2BD65ADC00B9B670 /* Wrapper */ = {
			isa = PBXGroup;
			children = (
				614746F02BD65AEB00B9B670 /* NavigationBarWrapper.swift */,
				614746F22BD65C0700B9B670 /* ButtonWrapper.swift */,
			);
			path = Wrapper;
			sourceTree = "<group>";
		};
		61B528AF2BD407FF00974CA0 = {
			isa = PBXGroup;
			children = (
				61B528BA2BD407FF00974CA0 /* SwiftUIDataFlow */,
				61B528B92BD407FF00974CA0 /* Products */,
			);
			sourceTree = "<group>";
		};
		61B528B92BD407FF00974CA0 /* Products */ = {
			isa = PBXGroup;
			children = (
				61B528B82BD407FF00974CA0 /* SwiftUIDataFlow.app */,
			);
			name = Products;
			sourceTree = "<group>";
		};
		61B528BA2BD407FF00974CA0 /* SwiftUIDataFlow */ = {
			isa = PBXGroup;
			children = (
				614746EF2BD65ADC00B9B670 /* Wrapper */,
				61B528BB2BD407FF00974CA0 /* SwiftUIDataFlowApp.swift */,
				61B528BD2BD407FF00974CA0 /* MyRandomImageView.swift */,
				61B528BF2BD4080300974CA0 /* Assets.xcassets */,
				61B528C12BD4080300974CA0 /* Preview Content */,
				614746DE2BD5EBDF00B9B670 /* DetailImageView.swift */,
				614746ED2BD6587100B9B670 /* CategoryView.swift */,
			);
			path = SwiftUIDataFlow;
			sourceTree = "<group>";
		};
		61B528C12BD4080300974CA0 /* Preview Content */ = {
			isa = PBXGroup;
			children = (
				61B528C22BD4080300974CA0 /* Preview Assets.xcassets */,
			);
			path = "Preview Content";
			sourceTree = "<group>";
		};
/* End PBXGroup section */

/* Begin PBXNativeTarget section */
		61B528B72BD407FF00974CA0 /* SwiftUIDataFlow */ = {
			isa = PBXNativeTarget;
			buildConfigurationList = 61B528C62BD4080300974CA0 /* Build configuration list for PBXNativeTarget "SwiftUIDataFlow" */;
			buildPhases = (
				61B528B42BD407FF00974CA0 /* Sources */,
				61B528B52BD407FF00974CA0 /* Frameworks */,
				61B528B62BD407FF00974CA0 /* Resources */,
			);
			buildRules = (
			);
			dependencies = (
			);
			name = SwiftUIDataFlow;
			productName = SwiftUIDataFlow;
			productReference = 61B528B82BD407FF00974CA0 /* SwiftUIDataFlow.app */;
			productType = "com.apple.product-type.application";
		};
/* End PBXNativeTarget section */

/* Begin PBXProject section */
		61B528B02BD407FF00974CA0 /* Project object */ = {
			isa = PBXProject;
			attributes = {
				BuildIndependentTargetsInParallel = 1;
				LastSwiftUpdateCheck = 1530;
				LastUpgradeCheck = 1530;
				TargetAttributes = {
					61B528B72BD407FF00974CA0 = {
						CreatedOnToolsVersion = 15.3;
					};
				};
			};
			buildConfigurationList = 61B528B32BD407FF00974CA0 /* Build configuration list for PBXProject "SwiftUIDataFlow" */;
			compatibilityVersion = "Xcode 14.0";
			developmentRegion = en;
			hasScannedForEncodings = 0;
			knownRegions = (
				en,
				Base,
			);
			mainGroup = 61B528AF2BD407FF00974CA0;
			productRefGroup = 61B528B92BD407FF00974CA0 /* Products */;
			projectDirPath = "";
			projectRoot = "";
			targets = (
				61B528B72BD407FF00974CA0 /* SwiftUIDataFlow */,
			);
		};
/* End PBXProject section */

/* Begin PBXResourcesBuildPhase section */
		61B528B62BD407FF00974CA0 /* Resources */ = {
			isa = PBXResourcesBuildPhase;
			buildActionMask = 2147483647;
			files = (
				61B528C32BD4080300974CA0 /* Preview Assets.xcassets in Resources */,
				61B528C02BD4080300974CA0 /* Assets.xcassets in Resources */,
			);
			runOnlyForDeploymentPostprocessing = 0;
		};
/* End PBXResourcesBuildPhase section */

/* Begin PBXSourcesBuildPhase section */
		61B528B42BD407FF00974CA0 /* Sources */ = {
			isa = PBXSourcesBuildPhase;
			buildActionMask = 2147483647;
			files = (
				61B528BE2BD407FF00974CA0 /* MyRandomImageView.swift in Sources */,
				61B528BC2BD407FF00974CA0 /* SwiftUIDataFlowApp.swift in Sources */,
				614746EE2BD6587100B9B670 /* CategoryView.swift in Sources */,
				614746F32BD65C0700B9B670 /* ButtonWrapper.swift in Sources */,
				614746DF2BD5EBDF00B9B670 /* DetailImageView.swift in Sources */,
				614746F12BD65AEB00B9B670 /* NavigationBarWrapper.swift in Sources */,
			);
			runOnlyForDeploymentPostprocessing = 0;
		};
/* End PBXSourcesBuildPhase section */

/* Begin XCBuildConfiguration section */
		61B528C42BD4080300974CA0 /* Debug */ = {
			isa = XCBuildConfiguration;
			buildSettings = {
				ALWAYS_SEARCH_USER_PATHS = NO;
				ASSETCATALOG_COMPILER_GENERATE_SWIFT_ASSET_SYMBOL_EXTENSIONS = YES;
				CLANG_ANALYZER_NONNULL = YES;
				CLANG_ANALYZER_NUMBER_OBJECT_CONVERSION = YES_AGGRESSIVE;
				CLANG_CXX_LANGUAGE_STANDARD = "gnu++20";
				CLANG_ENABLE_MODULES = YES;
				CLANG_ENABLE_OBJC_ARC = YES;
				CLANG_ENABLE_OBJC_WEAK = YES;
				CLANG_WARN_BLOCK_CAPTURE_AUTORELEASING = YES;
				CLANG_WARN_BOOL_CONVERSION = YES;
				CLANG_WARN_COMMA = YES;
				CLANG_WARN_CONSTANT_CONVERSION = YES;
				CLANG_WARN_DEPRECATED_OBJC_IMPLEMENTATIONS = YES;
				CLANG_WARN_DIRECT_OBJC_ISA_USAGE = YES_ERROR;
				CLANG_WARN_DOCUMENTATION_COMMENTS = YES;
				CLANG_WARN_EMPTY_BODY = YES;
				CLANG_WARN_ENUM_CONVERSION = YES;
				CLANG_WARN_INFINITE_RECURSION = YES;
				CLANG_WARN_INT_CONVERSION = YES;
				CLANG_WARN_NON_LITERAL_NULL_CONVERSION = YES;
				CLANG_WARN_OBJC_IMPLICIT_RETAIN_SELF = YES;
				CLANG_WARN_OBJC_LITERAL_CONVERSION = YES;
				CLANG_WARN_OBJC_ROOT_CLASS = YES_ERROR;
				CLANG_WARN_QUOTED_INCLUDE_IN_FRAMEWORK_HEADER = YES;
				CLANG_WARN_RANGE_LOOP_ANALYSIS = YES;
				CLANG_WARN_STRICT_PROTOTYPES = YES;
				CLANG_WARN_SUSPICIOUS_MOVE = YES;
				CLANG_WARN_UNGUARDED_AVAILABILITY = YES_AGGRESSIVE;
				CLANG_WARN_UNREACHABLE_CODE = YES;
				CLANG_WARN__DUPLICATE_METHOD_MATCH = YES;
				COPY_PHASE_STRIP = NO;
				DEBUG_INFORMATION_FORMAT = dwarf;
				ENABLE_STRICT_OBJC_MSGSEND = YES;
				ENABLE_TESTABILITY = YES;
				ENABLE_USER_SCRIPT_SANDBOXING = YES;
				GCC_C_LANGUAGE_STANDARD = gnu17;
				GCC_DYNAMIC_NO_PIC = NO;
				GCC_NO_COMMON_BLOCKS = YES;
				GCC_OPTIMIZATION_LEVEL = 0;
				GCC_PREPROCESSOR_DEFINITIONS = (
					"DEBUG=1",
					"$(inherited)",
				);
				GCC_WARN_64_TO_32_BIT_CONVERSION = YES;
				GCC_WARN_ABOUT_RETURN_TYPE = YES_ERROR;
				GCC_WARN_UNDECLARED_SELECTOR = YES;
				GCC_WARN_UNINITIALIZED_AUTOS = YES_AGGRESSIVE;
				GCC_WARN_UNUSED_FUNCTION = YES;
				GCC_WARN_UNUSED_VARIABLE = YES;
				IPHONEOS_DEPLOYMENT_TARGET = 17.4;
				LOCALIZATION_PREFERS_STRING_CATALOGS = YES;
				MTL_ENABLE_DEBUG_INFO = INCLUDE_SOURCE;
				MTL_FAST_MATH = YES;
				ONLY_ACTIVE_ARCH = YES;
				SDKROOT = iphoneos;
				SWIFT_ACTIVE_COMPILATION_CONDITIONS = "DEBUG $(inherited)";
				SWIFT_OPTIMIZATION_LEVEL = "-Onone";
			};
			name = Debug;
		};
		61B528C52BD4080300974CA0 /* Release */ = {
			isa = XCBuildConfiguration;
			buildSettings = {
				ALWAYS_SEARCH_USER_PATHS = NO;
				ASSETCATALOG_COMPILER_GENERATE_SWIFT_ASSET_SYMBOL_EXTENSIONS = YES;
				CLANG_ANALYZER_NONNULL = YES;
				CLANG_ANALYZER_NUMBER_OBJECT_CONVERSION = YES_AGGRESSIVE;
				CLANG_CXX_LANGUAGE_STANDARD = "gnu++20";
				CLANG_ENABLE_MODULES = YES;
				CLANG_ENABLE_OBJC_ARC = YES;
				CLANG_ENABLE_OBJC_WEAK = YES;
				CLANG_WARN_BLOCK_CAPTURE_AUTORELEASING = YES;
				CLANG_WARN_BOOL_CONVERSION = YES;
				CLANG_WARN_COMMA = YES;
				CLANG_WARN_CONSTANT_CONVERSION = YES;
				CLANG_WARN_DEPRECATED_OBJC_IMPLEMENTATIONS = YES;
				CLANG_WARN_DIRECT_OBJC_ISA_USAGE = YES_ERROR;
				CLANG_WARN_DOCUMENTATION_COMMENTS = YES;
				CLANG_WARN_EMPTY_BODY = YES;
				CLANG_WARN_ENUM_CONVERSION = YES;
				CLANG_WARN_INFINITE_RECURSION = YES;
				CLANG_WARN_INT_CONVERSION = YES;
				CLANG_WARN_NON_LITERAL_NULL_CONVERSION = YES;
				CLANG_WARN_OBJC_IMPLICIT_RETAIN_SELF = YES;
				CLANG_WARN_OBJC_LITERAL_CONVERSION = YES;
				CLANG_WARN_OBJC_ROOT_CLASS = YES_ERROR;
				CLANG_WARN_QUOTED_INCLUDE_IN_FRAMEWORK_HEADER = YES;
				CLANG_WARN_RANGE_LOOP_ANALYSIS = YES;
				CLANG_WARN_STRICT_PROTOTYPES = YES;
				CLANG_WARN_SUSPICIOUS_MOVE = YES;
				CLANG_WARN_UNGUARDED_AVAILABILITY = YES_AGGRESSIVE;
				CLANG_WARN_UNREACHABLE_CODE = YES;
				CLANG_WARN__DUPLICATE_METHOD_MATCH = YES;
				COPY_PHASE_STRIP = NO;
				DEBUG_INFORMATION_FORMAT = "dwarf-with-dsym";
				ENABLE_NS_ASSERTIONS = NO;
				ENABLE_STRICT_OBJC_MSGSEND = YES;
				ENABLE_USER_SCRIPT_SANDBOXING = YES;
				GCC_C_LANGUAGE_STANDARD = gnu17;
				GCC_NO_COMMON_BLOCKS = YES;
				GCC_WARN_64_TO_32_BIT_CONVERSION = YES;
				GCC_WARN_ABOUT_RETURN_TYPE = YES_ERROR;
				GCC_WARN_UNDECLARED_SELECTOR = YES;
				GCC_WARN_UNINITIALIZED_AUTOS = YES_AGGRESSIVE;
				GCC_WARN_UNUSED_FUNCTION = YES;
				GCC_WARN_UNUSED_VARIABLE = YES;
				IPHONEOS_DEPLOYMENT_TARGET = 17.4;
				LOCALIZATION_PREFERS_STRING_CATALOGS = YES;
				MTL_ENABLE_DEBUG_INFO = NO;
				MTL_FAST_MATH = YES;
				SDKROOT = iphoneos;
				SWIFT_COMPILATION_MODE = wholemodule;
				VALIDATE_PRODUCT = YES;
			};
			name = Release;
		};
		61B528C72BD4080300974CA0 /* Debug */ = {
			isa = XCBuildConfiguration;
			buildSettings = {
				ASSETCATALOG_COMPILER_APPICON_NAME = AppIcon;
				ASSETCATALOG_COMPILER_GLOBAL_ACCENT_COLOR_NAME = AccentColor;
				CODE_SIGN_STYLE = Automatic;
				CURRENT_PROJECT_VERSION = 1;
				DEVELOPMENT_ASSET_PATHS = "\"SwiftUIDataFlow/Preview Content\"";
				DEVELOPMENT_TEAM = T2Q8P9627P;
				ENABLE_PREVIEWS = YES;
				GENERATE_INFOPLIST_FILE = YES;
				INFOPLIST_KEY_UIApplicationSceneManifest_Generation = YES;
				INFOPLIST_KEY_UIApplicationSupportsIndirectInputEvents = YES;
				INFOPLIST_KEY_UILaunchScreen_Generation = YES;
				INFOPLIST_KEY_UISupportedInterfaceOrientations_iPad = "UIInterfaceOrientationPortrait UIInterfaceOrientationPortraitUpsideDown UIInterfaceOrientationLandscapeLeft UIInterfaceOrientationLandscapeRight";
				INFOPLIST_KEY_UISupportedInterfaceOrientations_iPhone = "UIInterfaceOrientationPortrait UIInterfaceOrientationLandscapeLeft UIInterfaceOrientationLandscapeRight";
				LD_RUNPATH_SEARCH_PATHS = (
					"$(inherited)",
					"@executable_path/Frameworks",
				);
				MARKETING_VERSION = 1.0;
				PRODUCT_BUNDLE_IDENTIFIER = com.yuz.SwiftUIDataFlow;
				PRODUCT_NAME = "$(TARGET_NAME)";
				SWIFT_EMIT_LOC_STRINGS = YES;
				SWIFT_VERSION = 5.0;
				TARGETED_DEVICE_FAMILY = "1,2";
			};
			name = Debug;
		};
		61B528C82BD4080300974CA0 /* Release */ = {
			isa = XCBuildConfiguration;
			buildSettings = {
				ASSETCATALOG_COMPILER_APPICON_NAME = AppIcon;
				ASSETCATALOG_COMPILER_GLOBAL_ACCENT_COLOR_NAME = AccentColor;
				CODE_SIGN_STYLE = Automatic;
				CURRENT_PROJECT_VERSION = 1;
				DEVELOPMENT_ASSET_PATHS = "\"SwiftUIDataFlow/Preview Content\"";
				DEVELOPMENT_TEAM = T2Q8P9627P;
				ENABLE_PREVIEWS = YES;
				GENERATE_INFOPLIST_FILE = YES;
				INFOPLIST_KEY_UIApplicationSceneManifest_Generation = YES;
				INFOPLIST_KEY_UIApplicationSupportsIndirectInputEvents = YES;
				INFOPLIST_KEY_UILaunchScreen_Generation = YES;
				INFOPLIST_KEY_UISupportedInterfaceOrientations_iPad = "UIInterfaceOrientationPortrait UIInterfaceOrientationPortraitUpsideDown UIInterfaceOrientationLandscapeLeft UIInterfaceOrientationLandscapeRight";
				INFOPLIST_KEY_UISupportedInterfaceOrientations_iPhone = "UIInterfaceOrientationPortrait UIInterfaceOrientationLandscapeLeft UIInterfaceOrientationLandscapeRight";
				LD_RUNPATH_SEARCH_PATHS = (
					"$(inherited)",
					"@executable_path/Frameworks",
				);
				MARKETING_VERSION = 1.0;
				PRODUCT_BUNDLE_IDENTIFIER = com.yuz.SwiftUIDataFlow;
				PRODUCT_NAME = "$(TARGET_NAME)";
				SWIFT_EMIT_LOC_STRINGS = YES;
				SWIFT_VERSION = 5.0;
				TARGETED_DEVICE_FAMILY = "1,2";
			};
			name = Release;
		};
/* End XCBuildConfiguration section */

/* Begin XCConfigurationList section */
		61B528B32BD407FF00974CA0 /* Build configuration list for PBXProject "SwiftUIDataFlow" */ = {
			isa = XCConfigurationList;
			buildConfigurations = (
				61B528C42BD4080300974CA0 /* Debug */,
				61B528C52BD4080300974CA0 /* Release */,
			);
			defaultConfigurationIsVisible = 0;
			defaultConfigurationName = Release;
		};
		61B528C62BD4080300974CA0 /* Build configuration list for PBXNativeTarget "SwiftUIDataFlow" */ = {
			isa = XCConfigurationList;
			buildConfigurations = (
				61B528C72BD4080300974CA0 /* Debug */,
				61B528C82BD4080300974CA0 /* Release */,
			);
			defaultConfigurationIsVisible = 0;
			defaultConfigurationName = Release;
		};
/* End XCConfigurationList section */
	};
	rootObject = 61B528B02BD407FF00974CA0 /* Project object */;
}
